
Microsoft Visual Studio Solution File, Format Version 12.00
# Visual Studio Version 17
VisualStudioVersion = 17.0.31903.59
MinimumVisualStudioVersion = 10.0.40219.1
Project("{2150E333-8FDC-42A3-9474-1A3956D46DE8}") = "src", "src", "{827E0CD3-B72D-47B6-A68D-7590B98EB39B}"
EndProject
Project("{FAE04EC0-301F-11D3-BF4B-00C04F79EFBC}") = "FamilyFitness.Domain", "src\FamilyFitness.Domain\FamilyFitness.Domain.csproj", "{72EEDF4C-9706-4950-9809-F8C2829F0CC1}"
EndProject
Project("{FAE04EC0-301F-11D3-BF4B-00C04F79EFBC}") = "FamilyFitness.Application", "src\FamilyFitness.Application\FamilyFitness.Application.csproj", "{0EB8FB0E-3144-4651-A894-ACCD73499807}"
EndProject
Project("{FAE04EC0-301F-11D3-BF4B-00C04F79EFBC}") = "FamilyFitness.Infrastructure", "src\FamilyFitness.Infrastructure\FamilyFitness.Infrastructure.csproj", "{454599CF-2401-49D5-A3A1-C555C781B0FD}"
EndProject
Project("{FAE04EC0-301F-11D3-BF4B-00C04F79EFBC}") = "FamilyFitness.Api", "src\FamilyFitness.Api\FamilyFitness.Api.csproj", "{DBBD6DEA-AB09-4B2C-8C57-73EA7490CE15}"
EndProject
Project("{FAE04EC0-301F-11D3-BF4B-00C04F79EFBC}") = "FamilyFitness.Blazor", "src\FamilyFitness.Blazor\FamilyFitness.Blazor.csproj", "{8EBF1FB3-CB32-4336-8942-3B746B5FBED0}"
EndProject
Project("{2150E333-8FDC-42A3-9474-1A3956D46DE8}") = "tests", "tests", "{0AB3BF05-4346-4AA6-1389-037BE0695223}"
EndProject
Project("{FAE04EC0-301F-11D3-BF4B-00C04F79EFBC}") = "FamilyFitness.UnitTests", "tests\FamilyFitness.UnitTests\FamilyFitness.UnitTests.csproj", "{BBD36007-5009-4D33-8E82-3837895C048C}"
EndProject
Project("{FAE04EC0-301F-11D3-BF4B-00C04F79EFBC}") = "FamilyFitness.IntegrationTests", "tests\FamilyFitness.IntegrationTests\FamilyFitness.IntegrationTests.csproj", "{5BAFF903-61BF-4921-AB8E-C5AB545B1579}"
EndProject
Project("{FAE04EC0-301F-11D3-BF4B-00C04F79EFBC}") = "FamilyFitness.EndToEndTests", "tests\FamilyFitness.EndToEndTests\FamilyFitness.EndToEndTests.csproj", "{67F16FF9-A01E-474C-9B04-E8FCFEF198F1}"
EndProject
Project("{2150E333-8FDC-42A3-9474-1A3956D46DE8}") = "aspire", "aspire", "{64880D93-BAB4-FF83-898C-B934B68C31A9}"
EndProject
Project("{FAE04EC0-301F-11D3-BF4B-00C04F79EFBC}") = "FamilyFitness.AppHost", "aspire\FamilyFitness.AppHost\FamilyFitness.AppHost.csproj", "{AF8BE152-D041-4C88-AB00-EC51515F0AEF}"
EndProject
Global
	GlobalSection(SolutionConfigurationPlatforms) = preSolution
		Debug|Any CPU = Debug|Any CPU
		Debug|x64 = Debug|x64
		Debug|x86 = Debug|x86
		Release|Any CPU = Release|Any CPU
		Release|x64 = Release|x64
		Release|x86 = Release|x86
	EndGlobalSection
	GlobalSection(ProjectConfigurationPlatforms) = postSolution
		{72EEDF4C-9706-4950-9809-F8C2829F0CC1}.Debug|Any CPU.ActiveCfg = Debug|Any CPU
		{72EEDF4C-9706-4950-9809-F8C2829F0CC1}.Debug|Any CPU.Build.0 = Debug|Any CPU
		{72EEDF4C-9706-4950-9809-F8C2829F0CC1}.Debug|x64.ActiveCfg = Debug|Any CPU
		{72EEDF4C-9706-4950-9809-F8C2829F0CC1}.Debug|x64.Build.0 = Debug|Any CPU
		{72EEDF4C-9706-4950-9809-F8C2829F0CC1}.Debug|x86.ActiveCfg = Debug|Any CPU
		{72EEDF4C-9706-4950-9809-F8C2829F0CC1}.Debug|x86.Build.0 = Debug|Any CPU
		{72EEDF4C-9706-4950-9809-F8C2829F0CC1}.Release|Any CPU.ActiveCfg = Release|Any CPU
		{72EEDF4C-9706-4950-9809-F8C2829F0CC1}.Release|Any CPU.Build.0 = Release|Any CPU
		{72EEDF4C-9706-4950-9809-F8C2829F0CC1}.Release|x64.ActiveCfg = Release|Any CPU
		{72EEDF4C-9706-4950-9809-F8C2829F0CC1}.Release|x64.Build.0 = Release|Any CPU
		{72EEDF4C-9706-4950-9809-F8C2829F0CC1}.Release|x86.ActiveCfg = Release|Any CPU
		{72EEDF4C-9706-4950-9809-F8C2829F0CC1}.Release|x86.Build.0 = Release|Any CPU
		{0EB8FB0E-3144-4651-A894-ACCD73499807}.Debug|Any CPU.ActiveCfg = Debug|Any CPU
		{0EB8FB0E-3144-4651-A894-ACCD73499807}.Debug|Any CPU.Build.0 = Debug|Any CPU
		{0EB8FB0E-3144-4651-A894-ACCD73499807}.Debug|x64.ActiveCfg = Debug|Any CPU
		{0EB8FB0E-3144-4651-A894-ACCD73499807}.Debug|x64.Build.0 = Debug|Any CPU
		{0EB8FB0E-3144-4651-A894-ACCD73499807}.Debug|x86.ActiveCfg = Debug|Any CPU
		{0EB8FB0E-3144-4651-A894-ACCD73499807}.Debug|x86.Build.0 = Debug|Any CPU
		{0EB8FB0E-3144-4651-A894-ACCD73499807}.Release|Any CPU.ActiveCfg = Release|Any CPU
		{0EB8FB0E-3144-4651-A894-ACCD73499807}.Release|Any CPU.Build.0 = Release|Any CPU
		{0EB8FB0E-3144-4651-A894-ACCD73499807}.Release|x64.ActiveCfg = Release|Any CPU
		{0EB8FB0E-3144-4651-A894-ACCD73499807}.Release|x64.Build.0 = Release|Any CPU
		{0EB8FB0E-3144-4651-A894-ACCD73499807}.Release|x86.ActiveCfg = Release|Any CPU
		{0EB8FB0E-3144-4651-A894-ACCD73499807}.Release|x86.Build.0 = Release|Any CPU
		{454599CF-2401-49D5-A3A1-C555C781B0FD}.Debug|Any CPU.ActiveCfg = Debug|Any CPU
		{454599CF-2401-49D5-A3A1-C555C781B0FD}.Debug|Any CPU.Build.0 = Debug|Any CPU
		{454599CF-2401-49D5-A3A1-C555C781B0FD}.Debug|x64.ActiveCfg = Debug|Any CPU
		{454599CF-2401-49D5-A3A1-C555C781B0FD}.Debug|x64.Build.0 = Debug|Any CPU
		{454599CF-2401-49D5-A3A1-C555C781B0FD}.Debug|x86.ActiveCfg = Debug|Any CPU
		{454599CF-2401-49D5-A3A1-C555C781B0FD}.Debug|x86.Build.0 = Debug|Any CPU
		{454599CF-2401-49D5-A3A1-C555C781B0FD}.Release|Any CPU.ActiveCfg = Release|Any CPU
		{454599CF-2401-49D5-A3A1-C555C781B0FD}.Release|Any CPU.Build.0 = Release|Any CPU
		{454599CF-2401-49D5-A3A1-C555C781B0FD}.Release|x64.ActiveCfg = Release|Any CPU
		{454599CF-2401-49D5-A3A1-C555C781B0FD}.Release|x64.Build.0 = Release|Any CPU
		{454599CF-2401-49D5-A3A1-C555C781B0FD}.Release|x86.ActiveCfg = Release|Any CPU
		{454599CF-2401-49D5-A3A1-C555C781B0FD}.Release|x86.Build.0 = Release|Any CPU
		{DBBD6DEA-AB09-4B2C-8C57-73EA7490CE15}.Debug|Any CPU.ActiveCfg = Debug|Any CPU
		{DBBD6DEA-AB09-4B2C-8C57-73EA7490CE15}.Debug|Any CPU.Build.0 = Debug|Any CPU
		{DBBD6DEA-AB09-4B2C-8C57-73EA7490CE15}.Debug|x64.ActiveCfg = Debug|Any CPU
		{DBBD6DEA-AB09-4B2C-8C57-73EA7490CE15}.Debug|x64.Build.0 = Debug|Any CPU
		{DBBD6DEA-AB09-4B2C-8C57-73EA7490CE15}.Debug|x86.ActiveCfg = Debug|Any CPU
		{DBBD6DEA-AB09-4B2C-8C57-73EA7490CE15}.Debug|x86.Build.0 = Debug|Any CPU
		{DBBD6DEA-AB09-4B2C-8C57-73EA7490CE15}.Release|Any CPU.ActiveCfg = Release|Any CPU
		{DBBD6DEA-AB09-4B2C-8C57-73EA7490CE15}.Release|Any CPU.Build.0 = Release|Any CPU
		{DBBD6DEA-AB09-4B2C-8C57-73EA7490CE15}.Release|x64.ActiveCfg = Release|Any CPU
		{DBBD6DEA-AB09-4B2C-8C57-73EA7490CE15}.Release|x64.Build.0 = Release|Any CPU
		{DBBD6DEA-AB09-4B2C-8C57-73EA7490CE15}.Release|x86.ActiveCfg = Release|Any CPU
		{DBBD6DEA-AB09-4B2C-8C57-73EA7490CE15}.Release|x86.Build.0 = Release|Any CPU
		{8EBF1FB3-CB32-4336-8942-3B746B5FBED0}.Debug|Any CPU.ActiveCfg = Debug|Any CPU
		{8EBF1FB3-CB32-4336-8942-3B746B5FBED0}.Debug|Any CPU.Build.0 = Debug|Any CPU
		{8EBF1FB3-CB32-4336-8942-3B746B5FBED0}.Debug|x64.ActiveCfg = Debug|Any CPU
		{8EBF1FB3-CB32-4336-8942-3B746B5FBED0}.Debug|x64.Build.0 = Debug|Any CPU
		{8EBF1FB3-CB32-4336-8942-3B746B5FBED0}.Debug|x86.ActiveCfg = Debug|Any CPU
		{8EBF1FB3-CB32-4336-8942-3B746B5FBED0}.Debug|x86.Build.0 = Debug|Any CPU
		{8EBF1FB3-CB32-4336-8942-3B746B5FBED0}.Release|Any CPU.ActiveCfg = Release|Any CPU
		{8EBF1FB3-CB32-4336-8942-3B746B5FBED0}.Release|Any CPU.Build.0 = Release|Any CPU
		{8EBF1FB3-CB32-4336-8942-3B746B5FBED0}.Release|x64.ActiveCfg = Release|Any CPU
		{8EBF1FB3-CB32-4336-8942-3B746B5FBED0}.Release|x64.Build.0 = Release|Any CPU
		{8EBF1FB3-CB32-4336-8942-3B746B5FBED0}.Release|x86.ActiveCfg = Release|Any CPU
		{8EBF1FB3-CB32-4336-8942-3B746B5FBED0}.Release|x86.Build.0 = Release|Any CPU
		{BBD36007-5009-4D33-8E82-3837895C048C}.Debug|Any CPU.ActiveCfg = Debug|Any CPU
		{BBD36007-5009-4D33-8E82-3837895C048C}.Debug|Any CPU.Build.0 = Debug|Any CPU
		{BBD36007-5009-4D33-8E82-3837895C048C}.Debug|x64.ActiveCfg = Debug|Any CPU
		{BBD36007-5009-4D33-8E82-3837895C048C}.Debug|x64.Build.0 = Debug|Any CPU
		{BBD36007-5009-4D33-8E82-3837895C048C}.Debug|x86.ActiveCfg = Debug|Any CPU
		{BBD36007-5009-4D33-8E82-3837895C048C}.Debug|x86.Build.0 = Debug|Any CPU
		{BBD36007-5009-4D33-8E82-3837895C048C}.Release|Any CPU.ActiveCfg = Release|Any CPU
		{BBD36007-5009-4D33-8E82-3837895C048C}.Release|Any CPU.Build.0 = Release|Any CPU
		{BBD36007-5009-4D33-8E82-3837895C048C}.Release|x64.ActiveCfg = Release|Any CPU
		{BBD36007-5009-4D33-8E82-3837895C048C}.Release|x64.Build.0 = Release|Any CPU
		{BBD36007-5009-4D33-8E82-3837895C048C}.Release|x86.ActiveCfg = Release|Any CPU
		{BBD36007-5009-4D33-8E82-3837895C048C}.Release|x86.Build.0 = Release|Any CPU
		{5BAFF903-61BF-4921-AB8E-C5AB545B1579}.Debug|Any CPU.ActiveCfg = Debug|Any CPU
		{5BAFF903-61BF-4921-AB8E-C5AB545B1579}.Debug|Any CPU.Build.0 = Debug|Any CPU
		{5BAFF903-61BF-4921-AB8E-C5AB545B1579}.Debug|x64.ActiveCfg = Debug|Any CPU
		{5BAFF903-61BF-4921-AB8E-C5AB545B1579}.Debug|x64.Build.0 = Debug|Any CPU
		{5BAFF903-61BF-4921-AB8E-C5AB545B1579}.Debug|x86.ActiveCfg = Debug|Any CPU
		{5BAFF903-61BF-4921-AB8E-C5AB545B1579}.Debug|x86.Build.0 = Debug|Any CPU
		{5BAFF903-61BF-4921-AB8E-C5AB545B1579}.Release|Any CPU.ActiveCfg = Release|Any CPU
		{5BAFF903-61BF-4921-AB8E-C5AB545B1579}.Release|Any CPU.Build.0 = Release|Any CPU
		{5BAFF903-61BF-4921-AB8E-C5AB545B1579}.Release|x64.ActiveCfg = Release|Any CPU
		{5BAFF903-61BF-4921-AB8E-C5AB545B1579}.Release|x64.Build.0 = Release|Any CPU
		{5BAFF903-61BF-4921-AB8E-C5AB545B1579}.Release|x86.ActiveCfg = Release|Any CPU
		{5BAFF903-61BF-4921-AB8E-C5AB545B1579}.Release|x86.Build.0 = Release|Any CPU
		{67F16FF9-A01E-474C-9B04-E8FCFEF198F1}.Debug|Any CPU.ActiveCfg = Debug|Any CPU
		{67F16FF9-A01E-474C-9B04-E8FCFEF198F1}.Debug|Any CPU.Build.0 = Debug|Any CPU
		{67F16FF9-A01E-474C-9B04-E8FCFEF198F1}.Debug|x64.ActiveCfg = Debug|Any CPU
		{67F16FF9-A01E-474C-9B04-E8FCFEF198F1}.Debug|x64.Build.0 = Debug|Any CPU
		{67F16FF9-A01E-474C-9B04-E8FCFEF198F1}.Debug|x86.ActiveCfg = Debug|Any CPU
		{67F16FF9-A01E-474C-9B04-E8FCFEF198F1}.Debug|x86.Build.0 = Debug|Any CPU
		{67F16FF9-A01E-474C-9B04-E8FCFEF198F1}.Release|Any CPU.ActiveCfg = Release|Any CPU
		{67F16FF9-A01E-474C-9B04-E8FCFEF198F1}.Release|Any CPU.Build.0 = Release|Any CPU
		{67F16FF9-A01E-474C-9B04-E8FCFEF198F1}.Release|x64.ActiveCfg = Release|Any CPU
		{67F16FF9-A01E-474C-9B04-E8FCFEF198F1}.Release|x64.Build.0 = Release|Any CPU
		{67F16FF9-A01E-474C-9B04-E8FCFEF198F1}.Release|x86.ActiveCfg = Release|Any CPU
		{67F16FF9-A01E-474C-9B04-E8FCFEF198F1}.Release|x86.Build.0 = Release|Any CPU
		{AF8BE152-D041-4C88-AB00-EC51515F0AEF}.Debug|Any CPU.ActiveCfg = Debug|Any CPU
		{AF8BE152-D041-4C88-AB00-EC51515F0AEF}.Debug|Any CPU.Build.0 = Debug|Any CPU
		{AF8BE152-D041-4C88-AB00-EC51515F0AEF}.Debug|x64.ActiveCfg = Debug|Any CPU
		{AF8BE152-D041-4C88-AB00-EC51515F0AEF}.Debug|x64.Build.0 = Debug|Any CPU
		{AF8BE152-D041-4C88-AB00-EC51515F0AEF}.Debug|x86.ActiveCfg = Debug|Any CPU
		{AF8BE152-D041-4C88-AB00-EC51515F0AEF}.Debug|x86.Build.0 = Debug|Any CPU
		{AF8BE152-D041-4C88-AB00-EC51515F0AEF}.Release|Any CPU.ActiveCfg = Release|Any CPU
		{AF8BE152-D041-4C88-AB00-EC51515F0AEF}.Release|Any CPU.Build.0 = Release|Any CPU
		{AF8BE152-D041-4C88-AB00-EC51515F0AEF}.Release|x64.ActiveCfg = Release|Any CPU
		{AF8BE152-D041-4C88-AB00-EC51515F0AEF}.Release|x64.Build.0 = Release|Any CPU
		{AF8BE152-D041-4C88-AB00-EC51515F0AEF}.Release|x86.ActiveCfg = Release|Any CPU
		{AF8BE152-D041-4C88-AB00-EC51515F0AEF}.Release|x86.Build.0 = Release|Any CPU
	EndGlobalSection
	GlobalSection(SolutionProperties) = preSolution
		HideSolutionNode = FALSE
	EndGlobalSection
	GlobalSection(NestedProjects) = preSolution
		{72EEDF4C-9706-4950-9809-F8C2829F0CC1} = {827E0CD3-B72D-47B6-A68D-7590B98EB39B}
		{0EB8FB0E-3144-4651-A894-ACCD73499807} = {827E0CD3-B72D-47B6-A68D-7590B98EB39B}
		{454599CF-2401-49D5-A3A1-C555C781B0FD} = {827E0CD3-B72D-47B6-A68D-7590B98EB39B}
		{DBBD6DEA-AB09-4B2C-8C57-73EA7490CE15} = {827E0CD3-B72D-47B6-A68D-7590B98EB39B}
		{8EBF1FB3-CB32-4336-8942-3B746B5FBED0} = {827E0CD3-B72D-47B6-A68D-7590B98EB39B}
		{BBD36007-5009-4D33-8E82-3837895C048C} = {0AB3BF05-4346-4AA6-1389-037BE0695223}
		{5BAFF903-61BF-4921-AB8E-C5AB545B1579} = {0AB3BF05-4346-4AA6-1389-037BE0695223}
		{67F16FF9-A01E-474C-9B04-E8FCFEF198F1} = {0AB3BF05-4346-4AA6-1389-037BE0695223}
		{AF8BE152-D041-4C88-AB00-EC51515F0AEF} = {64880D93-BAB4-FF83-898C-B934B68C31A9}
	EndGlobalSection
EndGlobal
